
Microsoft Visual Studio Solution File, Format Version 12.00
# Visual Studio Version 16
VisualStudioVersion = 16.0.29509.3
MinimumVisualStudioVersion = 10.0.40219.1
Project("{F184B08F-C81C-45F6-A57F-5ABD9991F28F}") = "DB_Access", "DB_Access.vbproj", "{6D83C867-A8F4-4F63-BEC8-49E83FCEFF99}"
EndProject
Global
	GlobalSection(SolutionConfigurationPlatforms) = preSolution
		Debug|Any CPU = Debug|Any CPU
		Release|Any CPU = Release|Any CPU
	EndGlobalSection
	GlobalSection(ProjectConfigurationPlatforms) = postSolution
		{6D83C867-A8F4-4F63-BEC8-49E83FCEFF99}.Debug|Any CPU.ActiveCfg = Debug|Any CPU
		{6D83C867-A8F4-4F63-BEC8-49E83FCEFF99}.Debug|Any CPU.Build.0 = Debug|Any CPU
		{6D83C867-A8F4-4F63-BEC8-49E83FCEFF99}.Release|Any CPU.ActiveCfg = Release|Any CPU
		{6D83C867-A8F4-4F63-BEC8-49E83FCEFF99}.Release|Any CPU.Build.0 = Release|Any CPU
	EndGlobalSection
	GlobalSection(SolutionProperties) = preSolution
		HideSolutionNode = FALSE
	EndGlobalSection
	GlobalSection(ExtensibilityGlobals) = postSolution
		SolutionGuid = {C8629B8E-054E-4703-A669-AF67BBF79D50}
	EndGlobalSection
EndGlobal
